[[package]]
name = "colorama"
version = "0.4.5"
description = "Cross-platform colored terminal text."
category = "main"
optional = false
python-versions = ">=2.7, !=3.0.*, !=3.1.*, !=3.2.*, !=3.3.*, !=3.4.*"

[[package]]
name = "dolreader"
version = "1.1.1"
description = "Simple python library for working with Nintendo's DOL format"
category = "main"
optional = false
python-versions = ">=3.8"

[[package]]
name = "freighter"
version = "0.2.4"
description = "Kai's GameCube modding library enabling C/C++ code injection into .dol executables."
category = "main"
optional = false
python-versions = ">=3.10"

[package.dependencies]
colorama = "*"
dolreader = "*"
geckolibs = "*"
pyelftools = "*"

[[package]]
name = "geckolibs"
version = "0.2.3"
description = "Python library for working with the Gecko Code format for Wii/GC"
category = "main"
optional = false
python-versions = ">=3.8"

[package.dependencies]
dolreader = "*"

[[package]]
name = "pyelftools"
version = "0.28"
description = "Library for analyzing ELF files and DWARF debugging information"
category = "main"
optional = false
python-versions = "*"

[metadata]
lock-version = "1.1"
python-versions = "^3.10"
content-hash = "9c8804c90c5c5f444e5e10d6d7a1fa6342b2f72e716037f1655bd70d689a207f"

[metadata.files]
colorama = [
    {file = "colorama-0.4.5-py2.py3-none-any.whl", hash = "sha256:854bf444933e37f5824ae7bfc1e98d5bce2ebe4160d46b5edf346a89358e99da"},
    {file = "colorama-0.4.5.tar.gz", hash = "sha256:e6c6b4334fc50988a639d9b98aa429a0b57da6e17b9a44f0451f930b6967b7a4"},
]
dolreader = [
    {file = "dolreader-1.1.1-py3-none-any.whl", hash = "sha256:d2532c209873fc5f7fcce72977b59e867f9f134e4a6572c6975a250fdc30a9f2"},
    {file = "dolreader-1.1.1.tar.gz", hash = "sha256:9926f682f3179989402651ce8338e5ca70b36d88b34db4fa6b69bcb7018966fb"},
]
freighter = [
    {file = "freighter-0.2.4-py2.py3-none-any.whl", hash = "sha256:08d10037bdff13ed1a1be7663dd3c7402bdfb9f0675ca267484c0306ae7ed222"},
    {file = "freighter-0.2.4-py3.10.egg", hash = "sha256:28bba2ee961de8264f7c65ef733774834776e871aad8dd43e74e7776c5dc1b4e"},
]
geckolibs = [
    {file = "geckolibs-0.2.3-py3-none-any.whl", hash = "sha256:041b3f5fe8de901f1108165b87c45854284c1928b650e016d4c557374f0f7346"},
    {file = "geckolibs-0.2.3.tar.gz", hash = "sha256:a6cb4c7022626c648cd72fa6eac0693ffa71629329b32906a0e703ede2c78433"},
]
pyelftools = [
    {file = "pyelftools-0.28-py2.py3-none-any.whl", hash = "sha256:1509d30756a14a8c9a6670778144fb9a04b311751ddac019dcc0c2f28da03ccc"},
    {file = "pyelftools-0.28.tar.gz", hash = "sha256:53e5609cac016471d40bd88dc410cd90755942c25e58a61021cfdf7abdfeacff"},
]
