# Generated by buf. DO NOT EDIT.
version: v1
deps:
  - remote: buf.build
    owner: synnaxlabs
    repository: freighter
    commit: f9a1de76e3f244deb3ac9f2af6fd50ec
    digest: shake256:57f43496ee0ff2676dfc7efdc476d571047a12857cd603b0b4246c5ac9854b2c2cbe10352af5581417740ecc7737f64b036c17bc2df8e341ce58919295b97d52
  - remote: buf.build
    owner: synnaxlabs
    repository: telem
    commit: 8918899cec4d477a94c3209a6cb538ad
    digest: shake256:bf662e5ed78871701a70766b90599b915f25005372ad4823004fac13e04c589907310f53830890fa0391b7beb4e7adeb088e06723a6ee2f747c8613d7dcd38b5
