# Generated by buf. DO NOT EDIT.
version: v1
deps:
  - remote: buf.build
    owner: synnaxlabs
    repository: freighter
    commit: f9a1de76e3f244deb3ac9f2af6fd50ec
    digest: shake256:57f43496ee0ff2676dfc7efdc476d571047a12857cd603b0b4246c5ac9854b2c2cbe10352af5581417740ecc7737f64b036c17bc2df8e341ce58919295b97d52
  - remote: buf.build
    owner: synnaxlabs
    repository: telem
    commit: ffd80315d14f4a31ab45796dd1db2fdc
    digest: shake256:dd808aa8e7ff58428d5114c8cc00e9b3901aaf036ae142f07fe90a77e01797124a6fe4d952c87aa60949b94345429b3bee992700b4d2236e3df872a97e3ec17f
