{
  "name": "examples",
  "version": "1.0.0",
  "lockfileVersion": 3,
  "requires": true,
  "packages": {
    "": {
      "name": "examples",
      "version": "1.0.0",
      "license": "ISC",
      "dependencies": {
        "@synnaxlabs/client": "^0.46.1"
      }
    },
    "node_modules/@msgpack/msgpack": {
      "version": "3.1.2",
      "resolved": "https://registry.npmjs.org/@msgpack/msgpack/-/msgpack-3.1.2.tgz",
      "integrity": "sha512-JEW4DEtBzfe8HvUYecLU9e6+XJnKDlUAIve8FvPzF3Kzs6Xo/KuZkZJsDH0wJXl/qEZbeeE7edxDNY3kMs39hQ==",
      "license": "ISC",
      "engines": {
        "node": ">= 18"
      }
    },
    "node_modules/@opentelemetry/api": {
      "version": "1.9.0",
      "resolved": "https://registry.npmjs.org/@opentelemetry/api/-/api-1.9.0.tgz",
      "integrity": "sha512-3giAOQvZiH5F9bMlMiv8+GSPMeqg0dbaeo58/0SlA9sxSqZhnUtxzX9/2FzyhS9sWQf5S0GJE0AKBrFqjpeYcg==",
      "license": "Apache-2.0",
      "engines": {
        "node": ">=8.0.0"
      }
    },
    "node_modules/@synnaxlabs/alamos": {
      "version": "0.46.0",
      "resolved": "https://registry.npmjs.org/@synnaxlabs/alamos/-/alamos-0.46.0.tgz",
      "integrity": "sha512-o7CJKNrDxRoCs0WhKtDOSKpQi/3PbEBHp6gBWnSMJ25z1ifZ4kvlsaDAjo0J/w6K9bFgdfLPkjK7rxITHTuYgA==",
      "license": "MIT",
      "dependencies": {
        "@opentelemetry/api": "^1.9.0",
        "@synnaxlabs/x": "^0.46.0"
      }
    },
    "node_modules/@synnaxlabs/client": {
      "version": "0.46.1",
      "resolved": "https://registry.npmjs.org/@synnaxlabs/client/-/client-0.46.1.tgz",
      "integrity": "sha512-D+uYHNdhiBsR3oSwbzB9ZlTzd8L+0JU9KFivGxan/3E0hc6JRFTFH1hKLI0KpRZnaMYKZgdNFfN8Upaps+c1tg==",
      "license": "BUSL-1.1",
      "dependencies": {
        "@synnaxlabs/freighter": "^0.46.0",
        "@synnaxlabs/x": "^0.46.1",
        "async-mutex": "^0.5.0",
        "zod": "^4.1.8"
      }
    },
    "node_modules/@synnaxlabs/freighter": {
      "version": "0.46.0",
      "resolved": "https://registry.npmjs.org/@synnaxlabs/freighter/-/freighter-0.46.0.tgz",
      "integrity": "sha512-UubqEN1sBS/V4bv2/x/6Cw55NKsIpALQO+4zUu7Da7CslapjBg2SwA37WF3fA3Q0hCLLCciLHCdpw5tiJWyTMg==",
      "dependencies": {
        "@synnaxlabs/alamos": "^0.46.0",
        "@synnaxlabs/x": "^0.46.0",
        "zod": "^4.1.8"
      }
    },
    "node_modules/@synnaxlabs/x": {
      "version": "0.46.2",
      "resolved": "https://registry.npmjs.org/@synnaxlabs/x/-/x-0.46.2.tgz",
      "integrity": "sha512-qqkaU9CMLlEWLorxYNytWNKIbUeBetbjpe9z0CgAaB+H+W8dTw2WGVC43Ef/UOGluKQxtEBVr9HQEu5RKZn9jA==",
      "dependencies": {
        "@msgpack/msgpack": "^3.1.2",
        "async-mutex": "^0.5.0",
        "nanoid": "^5.1.5",
        "uuid": "^13.0.0",
        "zod": "^4.1.8"
      }
    },
    "node_modules/async-mutex": {
      "version": "0.5.0",
      "resolved": "https://registry.npmjs.org/async-mutex/-/async-mutex-0.5.0.tgz",
      "integrity": "sha512-1A94B18jkJ3DYq284ohPxoXbfTA5HsQ7/Mf4DEhcyLx3Bz27Rh59iScbB6EPiP+B+joue6YCxcMXSbFC1tZKwA==",
      "license": "MIT",
      "dependencies": {
        "tslib": "^2.4.0"
      }
    },
    "node_modules/nanoid": {
      "version": "5.1.6",
      "resolved": "https://registry.npmjs.org/nanoid/-/nanoid-5.1.6.tgz",
      "integrity": "sha512-c7+7RQ+dMB5dPwwCp4ee1/iV/q2P6aK1mTZcfr1BTuVlyW9hJYiMPybJCcnBlQtuSmTIWNeazm/zqNoZSSElBg==",
      "funding": [
        {
          "type": "github",
          "url": "https://github.com/sponsors/ai"
        }
      ],
      "license": "MIT",
      "bin": {
        "nanoid": "bin/nanoid.js"
      },
      "engines": {
        "node": "^18 || >=20"
      }
    },
    "node_modules/tslib": {
      "version": "2.8.1",
      "resolved": "https://registry.npmjs.org/tslib/-/tslib-2.8.1.tgz",
      "integrity": "sha512-oJFu94HQb+KVduSUQL7wnpmqnfmLsOA/nAh6b6EH0wCEoK0/mPeXU6c3wKDV83MkOuHPRHtSXKKU99IBazS/2w==",
      "license": "0BSD"
    },
    "node_modules/uuid": {
      "version": "13.0.0",
      "resolved": "https://registry.npmjs.org/uuid/-/uuid-13.0.0.tgz",
      "integrity": "sha512-XQegIaBTVUjSHliKqcnFqYypAd4S+WCYt5NIeRs6w/UAry7z8Y9j5ZwRRL4kzq9U3sD6v+85er9FvkEaBpji2w==",
      "funding": [
        "https://github.com/sponsors/broofa",
        "https://github.com/sponsors/ctavan"
      ],
      "license": "MIT",
      "bin": {
        "uuid": "dist-node/bin/uuid"
      }
    },
    "node_modules/zod": {
      "version": "4.1.12",
      "resolved": "https://registry.npmjs.org/zod/-/zod-4.1.12.tgz",
      "integrity": "sha512-JInaHOamG8pt5+Ey8kGmdcAcg3OL9reK8ltczgHTAwNhMys/6ThXHityHxVV2p3fkw/c+MAvBHFVYHFZDmjMCQ==",
      "license": "MIT",
      "funding": {
        "url": "https://github.com/sponsors/colinhacks"
      }
    }
  }
}
