{
  "name": "examples",
  "version": "1.0.0",
  "lockfileVersion": 3,
  "requires": true,
  "packages": {
    "": {
      "name": "examples",
      "version": "1.0.0",
      "license": "ISC",
      "dependencies": {
        "@synnaxlabs/client": "^0.44.2"
      }
    },
    "node_modules/@msgpack/msgpack": {
      "version": "3.1.2",
      "resolved": "https://registry.npmjs.org/@msgpack/msgpack/-/msgpack-3.1.2.tgz",
      "integrity": "sha512-JEW4DEtBzfe8HvUYecLU9e6+XJnKDlUAIve8FvPzF3Kzs6Xo/KuZkZJsDH0wJXl/qEZbeeE7edxDNY3kMs39hQ==",
      "license": "ISC",
      "engines": {
        "node": ">= 18"
      }
    },
    "node_modules/@opentelemetry/api": {
      "version": "1.9.0",
      "resolved": "https://registry.npmjs.org/@opentelemetry/api/-/api-1.9.0.tgz",
      "integrity": "sha512-3giAOQvZiH5F9bMlMiv8+GSPMeqg0dbaeo58/0SlA9sxSqZhnUtxzX9/2FzyhS9sWQf5S0GJE0AKBrFqjpeYcg==",
      "license": "Apache-2.0",
      "engines": {
        "node": ">=8.0.0"
      }
    },
    "node_modules/@synnaxlabs/alamos": {
      "version": "0.44.2",
      "resolved": "https://registry.npmjs.org/@synnaxlabs/alamos/-/alamos-0.44.2.tgz",
      "integrity": "sha512-uP6O+qFcnmFbe11oyHVifGgnK4QCYmGt+V80eIsGSdaTYNJ2mTSJHQAIaA7jAq/RjRfknadJJnNWeiXGF5tnsw==",
      "license": "MIT",
      "dependencies": {
        "@opentelemetry/api": "^1.9.0",
        "@synnaxlabs/x": "^0.44.4"
      }
    },
    "node_modules/@synnaxlabs/client": {
      "version": "0.44.2",
      "resolved": "https://registry.npmjs.org/@synnaxlabs/client/-/client-0.44.2.tgz",
      "integrity": "sha512-v3clsjufLz5UVmEYBFV+89Wab1ZEYORRkdaueverv8GEHgE5XWsmJTpmsdmecW5N5OOvHHEtsUV1l8KEodOvHA==",
      "license": "BUSL-1.1",
      "dependencies": {
        "@synnaxlabs/freighter": "^0.44.0",
        "@synnaxlabs/x": "^0.44.2",
        "async-mutex": "^0.5.0",
        "zod": "^4.0.2"
      }
    },
    "node_modules/@synnaxlabs/freighter": {
      "version": "0.44.2",
      "resolved": "https://registry.npmjs.org/@synnaxlabs/freighter/-/freighter-0.44.2.tgz",
      "integrity": "sha512-GeafIPcN/JrFcntwsn8m5KR4oE17YFZyDYBm9gnfjk7JS18Fhj/Op0EIK76hGCg8G4wTBKeut/DN/7z9O1h7Qw==",
      "dependencies": {
        "@synnaxlabs/alamos": "^0.44.2",
        "@synnaxlabs/x": "^0.44.4",
        "zod": "^4.0.2"
      }
    },
    "node_modules/@synnaxlabs/x": {
      "version": "0.44.4",
      "resolved": "https://registry.npmjs.org/@synnaxlabs/x/-/x-0.44.4.tgz",
      "integrity": "sha512-k9W2Dkh0ZgCHYasYbpbuNEI51uN6KrHK4Gtk59hfK6hUMc7YaweV8DqBJv9cg4XLorQ/eoKXwFhd76PzDjXqqQ==",
      "dependencies": {
        "@msgpack/msgpack": "^3.1.2",
        "async-mutex": "^0.5.0",
        "nanoid": "^5.1.5",
        "uuid": "^11.1.0",
        "zod": "^4.0.2"
      }
    },
    "node_modules/async-mutex": {
      "version": "0.5.0",
      "resolved": "https://registry.npmjs.org/async-mutex/-/async-mutex-0.5.0.tgz",
      "integrity": "sha512-1A94B18jkJ3DYq284ohPxoXbfTA5HsQ7/Mf4DEhcyLx3Bz27Rh59iScbB6EPiP+B+joue6YCxcMXSbFC1tZKwA==",
      "license": "MIT",
      "dependencies": {
        "tslib": "^2.4.0"
      }
    },
    "node_modules/nanoid": {
      "version": "5.1.5",
      "resolved": "https://registry.npmjs.org/nanoid/-/nanoid-5.1.5.tgz",
      "integrity": "sha512-Ir/+ZpE9fDsNH0hQ3C68uyThDXzYcim2EqcZ8zn8Chtt1iylPT9xXJB0kPCnqzgcEGikO9RxSrh63MsmVCU7Fw==",
      "funding": [
        {
          "type": "github",
          "url": "https://github.com/sponsors/ai"
        }
      ],
      "license": "MIT",
      "bin": {
        "nanoid": "bin/nanoid.js"
      },
      "engines": {
        "node": "^18 || >=20"
      }
    },
    "node_modules/tslib": {
      "version": "2.8.1",
      "resolved": "https://registry.npmjs.org/tslib/-/tslib-2.8.1.tgz",
      "integrity": "sha512-oJFu94HQb+KVduSUQL7wnpmqnfmLsOA/nAh6b6EH0wCEoK0/mPeXU6c3wKDV83MkOuHPRHtSXKKU99IBazS/2w==",
      "license": "0BSD"
    },
    "node_modules/uuid": {
      "version": "11.1.0",
      "resolved": "https://registry.npmjs.org/uuid/-/uuid-11.1.0.tgz",
      "integrity": "sha512-0/A9rDy9P7cJ+8w1c9WD9V//9Wj15Ce2MPz8Ri6032usz+NfePxx5AcN3bN+r6ZL6jEo066/yNYB3tn4pQEx+A==",
      "funding": [
        "https://github.com/sponsors/broofa",
        "https://github.com/sponsors/ctavan"
      ],
      "license": "MIT",
      "bin": {
        "uuid": "dist/esm/bin/uuid"
      }
    },
    "node_modules/zod": {
      "version": "4.1.5",
      "resolved": "https://registry.npmjs.org/zod/-/zod-4.1.5.tgz",
      "integrity": "sha512-rcUUZqlLJgBC33IT3PNMgsCq6TzLQEG/Ei/KTCU0PedSWRMAXoOUN+4t/0H+Q8bdnLPdqUYnvboJT0bn/229qg==",
      "license": "MIT",
      "funding": {
        "url": "https://github.com/sponsors/colinhacks"
      }
    }
  }
}
