# Generated by buf. DO NOT EDIT.
version: v1
deps:
  - remote: buf.build
    owner: synnaxlabs
    repository: freighter
    commit: f9a1de76e3f244deb3ac9f2af6fd50ec
    digest: shake256:57f43496ee0ff2676dfc7efdc476d571047a12857cd603b0b4246c5ac9854b2c2cbe10352af5581417740ecc7737f64b036c17bc2df8e341ce58919295b97d52
  - remote: buf.build
    owner: synnaxlabs
    repository: telem
    commit: 8168ea08ff4c42d1b2fc39f04ec68a6b
    digest: shake256:345ca74c0f7ae8a846a723720f0aac2f124f81db9da8682a02d88f47fd1f5f8228348a90bda43c7ccb0825b39b3e251472cee518b0cfb4ed076d2d40ec08b7a2
