# This file is automatically @generated by Poetry 2.1.3 and should not be changed by hand.

[[package]]
name = "pymodbus"
version = "3.11.3"
description = "A fully featured modbus protocol stack in python"
optional = false
python-versions = ">=3.10.0"
groups = ["main"]
files = [
    {file = "pymodbus-3.11.3-py3-none-any.whl", hash = "sha256:fcb84f3389325fc37a644229abf1f31f6704a86265ff3f5ad6ec550c2f243aa1"},
    {file = "pymodbus-3.11.3.tar.gz", hash = "sha256:10c2902838ad5a233baefb64b1c1fb064fa762b22b221bf35191bf39f01449a8"},
]

[package.extras]
all = ["pymodbus[development,documentation,serial,simulator]"]
development = ["build (>=1.2.2)", "codespell (>=2.3.0)", "coverage (>=7.10.7)", "mypy (>=1.18.2)", "pylint (>=3.3.0)", "pypi-alias (>=2.0.0)", "pytest (>=8.4.2)", "pytest-aiohttp (>=1.0.5)", "pytest-asyncio (>=1.2.0)", "pytest-cov (>=7.0.0)", "pytest-profiling (>=1.7.0) ; python_version < \"3.13\"", "pytest-timeout (>=2.3.1)", "pytest-xdist (>=3.6.1)", "ruff (>=0.13.1)", "twine (>=6.2.0)", "types-Pygments", "types-pyserial"]
documentation = ["Sphinx (>=7.3.7)", "recommonmark (>=0.7.1)", "sphinx-rtd-theme (>=2.0.0)"]
serial = ["pyserial (>=3.5)"]
simulator = ["aiohttp (>=3.10.6) ; python_version >= \"3.12\"", "aiohttp (>=3.8.6) ; python_version < \"3.12\""]

[metadata]
lock-version = "2.1"
python-versions = "^3.11"
content-hash = "9ac1d1fc9ee72dd7b62d1601f69f60b69cdf03c3d104a36a1fc32e72d02f547c"
